{
  "version": 4,
  "terraform_version": "1.1.3",
  "serial": 4,
  "lineage": "87553423-ed88-46e9-100a-8bb0dbd0bc47",
  "outputs": {},
  "resources": [
    {
      "mode": "data",
      "type": "hcloud_network",
      "name": "network",
      "provider": "provider[\"registry.terraform.io/hetznercloud/hcloud\"]",
      "instances": [
        {
          "schema_version": 0,
          "attributes": {
            "delete_protection": false,
            "id": 1255849,
            "ip_range": "10.20.0.0/16",
            "labels": {},
            "most_recent": null,
            "name": "network",
            "with_selector": null
          },
          "sensitive_attributes": []
        }
      ]
    },
    {
      "mode": "data",
      "type": "hcloud_ssh_keys",
      "name": "all_keys",
      "provider": "provider[\"registry.terraform.io/hetznercloud/hcloud\"]",
      "instances": [
        {
          "schema_version": 0,
          "attributes": {
            "id": "4455466-4670403-5328242",
            "ssh_keys": [
              {
                "fingerprint": "96:7e:05:c3:87:f0:4b:bd:e0:66:36:4f:ef:5d:44:69",
                "id": 4455466,
                "labels": {},
                "name": "matej.feder@ifne.eu",
                "public_key": "ssh-rsa AAAAB3NzaC1yc2EAAAADAQABAAABAQDc57350nf9qRaI0nWH866W7qmAP30NI2jRvA8L7b4Xs2TJld6DIFMDaSEAdXRTUZf6jh2Y1GB/+QPW2hFm1dX7E70SGdhQREAZGm2pAbwUwRAZy+YN44t/1+1xO89Utv9QYvx0sWYiPvoNfEGlVgJrbSnnm2bIJ9Ef6QrcBgMOR6YOJeidtvMlJjucicFe/PKetd57jC+SZs7o4UqzRLMAKGhZI/dogU9dt/tzlB4srdrcBULUF9B9ChV3UHMIdUkIZz7K57YCHBHKpdjIBmWSh/TK2SiDaiWPcXCtHKUwTYOH6T+gRA1ThVmOSON9CMS2e/asd41JCyz7qxOjMPD/ mato@mato"
              },
              {
                "fingerprint": "35:a8:0f:9d:39:3d:81:ae:b9:54:c8:6e:3f:78:96:ec",
                "id": 4670403,
                "labels": {},
                "name": "david.suba@ifne.eu",
                "public_key": "ssh-ed25519 AAAAC3NzaC1lZDI1NTE5AAAAILL46LlWQaqwFdjoV7EfkJg2fbw9aCaKbYyMETtrV55g david.suba@ifne.eu"
              },
              {
                "fingerprint": "df:5a:64:50:8b:73:db:3b:11:cb:46:a5:b9:6f:b6:5e",
                "id": 5328242,
                "labels": {},
                "name": "janynemcik5@gmail.com",
                "public_key": "ssh-rsa AAAAB3NzaC1yc2EAAAADAQABAAABAQCeI4/aRaZS+awNZyJHpCM/GN0y/xw7v3/d9XY8Uv5mry+th8gFU1HEYg07JUsYN0vJJMF+iSzAQ8RdhYNTiw764zVQSEOBaT01bDIkA6kXxVhSt7FvTL0avdWR7fRVROj9T1tHg6XFkKwqqZ7V+HG4UcPasq1PdS3QJh+gcpkPockdpskreC9MU/8yCpCwAyoOw78PDy8O9DFi5oq6RqrF0HDAjp5/p+46gfk+KjAurvarxPcCaNeon+iF3Jp5P5gNF7pCAtGjpf6tgvWVzbh2f0+rFT76towvIs7F+1VVlIlNrUD5N2oj5b4RtY09oN374LiPoOUSYMiKRs6G23gl jannemcik@Zetor"
              }
            ],
            "with_selector": null
          },
          "sensitive_attributes": []
        }
      ]
    },
    {
      "mode": "managed",
      "type": "hcloud_server",
      "name": "master",
      "provider": "provider[\"registry.terraform.io/hetznercloud/hcloud\"]",
      "instances": [
        {
          "schema_version": 0,
          "attributes": {
            "backup_window": "",
            "backups": false,
            "datacenter": "hel1-dc2",
            "delete_protection": false,
            "firewall_ids": [],
            "id": "17207023",
            "image": "ubuntu-20.04",
            "ipv4_address": "65.108.152.166",
            "ipv6_address": "2a01:4f9:c010:ede8::1",
            "ipv6_network": "2a01:4f9:c010:ede8::/64",
            "iso": null,
            "keep_disk": false,
            "labels": {
              "project": "exercise",
              "type": "master"
            },
            "location": "hel1",
            "name": "master-server",
            "network": [
              {
                "alias_ips": [],
                "ip": "10.20.1.2",
                "mac_address": "86:00:00:01:60:b1",
                "network_id": 1255849
              }
            ],
            "placement_group_id": null,
            "rebuild_protection": false,
            "rescue": null,
            "server_type": "cx21",
            "ssh_keys": [
              "matej.feder@ifne.eu",
              "david.suba@ifne.eu",
              "janynemcik5@gmail.com"
            ],
            "status": "running",
            "timeouts": null,
            "user_data": null
          },
          "sensitive_attributes": [],
          "private": "eyJlMmJmYjczMC1lY2FhLTExZTYtOGY4OC0zNDM2M2JjN2M0YzAiOnsiY3JlYXRlIjo1NDAwMDAwMDAwMDAwfX0=",
          "dependencies": [
            "data.hcloud_network.network",
            "data.hcloud_ssh_keys.all_keys"
          ]
        }
      ]
    },
    {
      "mode": "managed",
      "type": "hcloud_server",
      "name": "worker-1",
      "provider": "provider[\"registry.terraform.io/hetznercloud/hcloud\"]",
      "instances": [
        {
          "schema_version": 0,
          "attributes": {
            "backup_window": "",
            "backups": false,
            "datacenter": "hel1-dc2",
            "delete_protection": false,
            "firewall_ids": [],
            "id": "17207022",
            "image": "ubuntu-20.04",
            "ipv4_address": "65.108.151.3",
            "ipv6_address": "2a01:4f9:c010:b581::1",
            "ipv6_network": "2a01:4f9:c010:b581::/64",
            "iso": null,
            "keep_disk": false,
            "labels": {
              "project": "exercise",
              "type": "worker"
            },
            "location": "hel1",
            "name": "worker-server-1",
            "network": [
              {
                "alias_ips": [],
                "ip": "10.20.1.1",
                "mac_address": "86:00:00:01:60:b0",
                "network_id": 1255849
              }
            ],
            "placement_group_id": null,
            "rebuild_protection": false,
            "rescue": null,
            "server_type": "cx21",
            "ssh_keys": [
              "matej.feder@ifne.eu",
              "david.suba@ifne.eu",
              "janynemcik5@gmail.com"
            ],
            "status": "running",
            "timeouts": null,
            "user_data": null
          },
          "sensitive_attributes": [],
          "private": "eyJlMmJmYjczMC1lY2FhLTExZTYtOGY4OC0zNDM2M2JjN2M0YzAiOnsiY3JlYXRlIjo1NDAwMDAwMDAwMDAwfX0=",
          "dependencies": [
            "data.hcloud_network.network",
            "data.hcloud_ssh_keys.all_keys"
          ]
        }
      ]
    },
    {
      "mode": "managed",
      "type": "hcloud_server",
      "name": "worker-2",
      "provider": "provider[\"registry.terraform.io/hetznercloud/hcloud\"]",
      "instances": [
        {
          "schema_version": 0,
          "attributes": {
            "backup_window": "",
            "backups": false,
            "datacenter": "nbg1-dc3",
            "delete_protection": false,
            "firewall_ids": [],
            "id": "17207024",
            "image": "ubuntu-20.04",
            "ipv4_address": "142.132.174.12",
            "ipv6_address": "2a01:4f8:1c1e:5b29::1",
            "ipv6_network": "2a01:4f8:1c1e:5b29::/64",
            "iso": null,
            "keep_disk": false,
            "labels": {
              "project": "exercise",
              "type": "worker"
            },
            "location": "nbg1",
            "name": "worker-server-2",
            "network": [
              {
                "alias_ips": [],
                "ip": "10.20.1.3",
                "mac_address": "86:00:00:01:60:b2",
                "network_id": 1255849
              }
            ],
            "placement_group_id": null,
            "rebuild_protection": false,
            "rescue": null,
            "server_type": "cx21",
            "ssh_keys": [
              "matej.feder@ifne.eu",
              "david.suba@ifne.eu",
              "janynemcik5@gmail.com"
            ],
            "status": "running",
            "timeouts": null,
            "user_data": null
          },
          "sensitive_attributes": [],
          "private": "eyJlMmJmYjczMC1lY2FhLTExZTYtOGY4OC0zNDM2M2JjN2M0YzAiOnsiY3JlYXRlIjo1NDAwMDAwMDAwMDAwfX0=",
          "dependencies": [
            "data.hcloud_network.network",
            "data.hcloud_ssh_keys.all_keys"
          ]
        }
      ]
    }
  ]
}
